
Microsoft Visual Studio Solution File, Format Version 12.00
# Visual Studio 14
VisualStudioVersion = 14.0.25420.1
MinimumVisualStudioVersion = 10.0.40219.1
Project("{2150E333-8FDC-42A3-9474-1A3956D46DE8}") = "Business", "Business", "{4F62899C-1014-45C3-93B5-754D5627C99B}"
EndProject
Project("{2150E333-8FDC-42A3-9474-1A3956D46DE8}") = "DataAccessLayer", "DataAccessLayer", "{35334167-EB65-4FB7-AFAF-2FBAA240A9E8}"
EndProject
Project("{2150E333-8FDC-42A3-9474-1A3956D46DE8}") = "Resolvers", "Resolvers", "{4C9F3BB7-3906-4E71-B832-BC04749CF704}"
EndProject
Project("{2150E333-8FDC-42A3-9474-1A3956D46DE8}") = "Services", "Services", "{2A821BFB-4D2E-4C6A-A6EE-6F4D1F55E5F3}"
EndProject
Project("{2150E333-8FDC-42A3-9474-1A3956D46DE8}") = "Presentations", "Presentations", "{C3A025F8-7CB6-4B41-B9A5-3A303CFCC340}"
EndProject
Project("{2150E333-8FDC-42A3-9474-1A3956D46DE8}") = "UnitTest", "UnitTest", "{0336DEB9-1667-4AF9-ABA6-F508E2D7A33D}"
EndProject
Project("{FAE04EC0-301F-11D3-BF4B-00C04F79EFBC}") = "HoneyComb.BusinessObjects", "HoneyComb.BusinessObjects\HoneyComb.BusinessObjects.csproj", "{1FBD86BA-DFA7-44EF-94FD-03218BAF8EAD}"
EndProject
Project("{FAE04EC0-301F-11D3-BF4B-00C04F79EFBC}") = "HoneyComb.IProvider", "HoneyComb.IProvider\HoneyComb.IProvider.csproj", "{56A57B57-104D-4B98-AB1F-67CDA767FEE9}"
EndProject
Project("{FAE04EC0-301F-11D3-BF4B-00C04F79EFBC}") = "HoneyComb.Provider", "HoneyComb.Provider\HoneyComb.Provider.csproj", "{D81A60FB-26C0-473E-8B62-AAE96EC52FE2}"
EndProject
Project("{FAE04EC0-301F-11D3-BF4B-00C04F79EFBC}") = "HoneyComb.DataAccess", "HoneyComb.DataAccess\HoneyComb.DataAccess.csproj", "{C5DFBF95-07B1-453F-BDC2-1025E34FFE66}"
EndProject
Project("{FAE04EC0-301F-11D3-BF4B-00C04F79EFBC}") = "HoneyComb.IDataAccess", "HoneyComb.IDataAccess\HoneyComb.IDataAccess.csproj", "{A30FA7A0-E80C-4873-A630-1FA8750ADD73}"
EndProject
Project("{FAE04EC0-301F-11D3-BF4B-00C04F79EFBC}") = "HoneyComb.MobileUI.Droid", "HoneyComb.MobileUI\HoneyComb.MobileUI.Droid\HoneyComb.MobileUI.Droid.csproj", "{5978BB84-D4BF-479F-922E-D87C0B9080F6}"
EndProject
Project("{FAE04EC0-301F-11D3-BF4B-00C04F79EFBC}") = "HoneyComb.MobileUI.iOS", "HoneyComb.MobileUI\HoneyComb.MobileUI.iOS\HoneyComb.MobileUI.iOS.csproj", "{405A11BB-D3C4-4F15-801E-A053DE678058}"
EndProject
Project("{FAE04EC0-301F-11D3-BF4B-00C04F79EFBC}") = "HoneyComb.MobileUI.WinPhone", "HoneyComb.MobileUI\HoneyComb.MobileUI.WinPhone\HoneyComb.MobileUI.WinPhone.csproj", "{CB44303B-90EB-49CB-A712-BC0261A38E85}"
EndProject
Project("{FAE04EC0-301F-11D3-BF4B-00C04F79EFBC}") = "HoneyComb.MobileUI", "HoneyComb.MobileUI\HoneyComb.MobileUI\HoneyComb.MobileUI.csproj", "{0B3ED30F-A62B-4CF0-A8C1-6BE374C0CACC}"
EndProject
Project("{FAE04EC0-301F-11D3-BF4B-00C04F79EFBC}") = "HoneyComb.WebApi", "HoneyComb.WebApi\HoneyComb.WebApi.csproj", "{428CC7A0-E8F4-4AE8-9B8C-E981C1A862DB}"
	ProjectSection(ProjectDependencies) = postProject
		{A30FA7A0-E80C-4873-A630-1FA8750ADD73} = {A30FA7A0-E80C-4873-A630-1FA8750ADD73}
	EndProjectSection
EndProject
Project("{FAE04EC0-301F-11D3-BF4B-00C04F79EFBC}") = "HoneyComb.UnitTest", "HoneyComb.UnitTest\HoneyComb.UnitTest.csproj", "{C794312E-D7D1-44EC-92DA-D21E0817FE54}"
EndProject
Project("{FAE04EC0-301F-11D3-BF4B-00C04F79EFBC}") = "HoneyComb.Resolver", "HoneyComb.Resolver\HoneyComb.Resolver.csproj", "{8333A8C6-0C4E-42D9-B9D2-E0467A99F301}"
EndProject
Global
	GlobalSection(SolutionConfigurationPlatforms) = preSolution
		Debug|Any CPU = Debug|Any CPU
		Debug|ARM = Debug|ARM
		Debug|iPhone = Debug|iPhone
		Debug|iPhoneSimulator = Debug|iPhoneSimulator
		Debug|x86 = Debug|x86
		Release|Any CPU = Release|Any CPU
		Release|ARM = Release|ARM
		Release|iPhone = Release|iPhone
		Release|iPhoneSimulator = Release|iPhoneSimulator
		Release|x86 = Release|x86
	EndGlobalSection
	GlobalSection(ProjectConfigurationPlatforms) = postSolution
		{1FBD86BA-DFA7-44EF-94FD-03218BAF8EAD}.Debug|Any CPU.ActiveCfg = Debug|Any CPU
		{1FBD86BA-DFA7-44EF-94FD-03218BAF8EAD}.Debug|Any CPU.Build.0 = Debug|Any CPU
		{1FBD86BA-DFA7-44EF-94FD-03218BAF8EAD}.Debug|ARM.ActiveCfg = Debug|Any CPU
		{1FBD86BA-DFA7-44EF-94FD-03218BAF8EAD}.Debug|ARM.Build.0 = Debug|Any CPU
		{1FBD86BA-DFA7-44EF-94FD-03218BAF8EAD}.Debug|iPhone.ActiveCfg = Debug|Any CPU
		{1FBD86BA-DFA7-44EF-94FD-03218BAF8EAD}.Debug|iPhone.Build.0 = Debug|Any CPU
		{1FBD86BA-DFA7-44EF-94FD-03218BAF8EAD}.Debug|iPhoneSimulator.ActiveCfg = Debug|Any CPU
		{1FBD86BA-DFA7-44EF-94FD-03218BAF8EAD}.Debug|iPhoneSimulator.Build.0 = Debug|Any CPU
		{1FBD86BA-DFA7-44EF-94FD-03218BAF8EAD}.Debug|x86.ActiveCfg = Debug|Any CPU
		{1FBD86BA-DFA7-44EF-94FD-03218BAF8EAD}.Debug|x86.Build.0 = Debug|Any CPU
		{1FBD86BA-DFA7-44EF-94FD-03218BAF8EAD}.Release|Any CPU.ActiveCfg = Release|Any CPU
		{1FBD86BA-DFA7-44EF-94FD-03218BAF8EAD}.Release|Any CPU.Build.0 = Release|Any CPU
		{1FBD86BA-DFA7-44EF-94FD-03218BAF8EAD}.Release|ARM.ActiveCfg = Release|Any CPU
		{1FBD86BA-DFA7-44EF-94FD-03218BAF8EAD}.Release|ARM.Build.0 = Release|Any CPU
		{1FBD86BA-DFA7-44EF-94FD-03218BAF8EAD}.Release|iPhone.ActiveCfg = Release|Any CPU
		{1FBD86BA-DFA7-44EF-94FD-03218BAF8EAD}.Release|iPhone.Build.0 = Release|Any CPU
		{1FBD86BA-DFA7-44EF-94FD-03218BAF8EAD}.Release|iPhoneSimulator.ActiveCfg = Release|Any CPU
		{1FBD86BA-DFA7-44EF-94FD-03218BAF8EAD}.Release|iPhoneSimulator.Build.0 = Release|Any CPU
		{1FBD86BA-DFA7-44EF-94FD-03218BAF8EAD}.Release|x86.ActiveCfg = Release|Any CPU
		{1FBD86BA-DFA7-44EF-94FD-03218BAF8EAD}.Release|x86.Build.0 = Release|Any CPU
		{56A57B57-104D-4B98-AB1F-67CDA767FEE9}.Debug|Any CPU.ActiveCfg = Debug|Any CPU
		{56A57B57-104D-4B98-AB1F-67CDA767FEE9}.Debug|Any CPU.Build.0 = Debug|Any CPU
		{56A57B57-104D-4B98-AB1F-67CDA767FEE9}.Debug|ARM.ActiveCfg = Debug|Any CPU
		{56A57B57-104D-4B98-AB1F-67CDA767FEE9}.Debug|ARM.Build.0 = Debug|Any CPU
		{56A57B57-104D-4B98-AB1F-67CDA767FEE9}.Debug|iPhone.ActiveCfg = Debug|Any CPU
		{56A57B57-104D-4B98-AB1F-67CDA767FEE9}.Debug|iPhone.Build.0 = Debug|Any CPU
		{56A57B57-104D-4B98-AB1F-67CDA767FEE9}.Debug|iPhoneSimulator.ActiveCfg = Debug|Any CPU
		{56A57B57-104D-4B98-AB1F-67CDA767FEE9}.Debug|iPhoneSimulator.Build.0 = Debug|Any CPU
		{56A57B57-104D-4B98-AB1F-67CDA767FEE9}.Debug|x86.ActiveCfg = Debug|Any CPU
		{56A57B57-104D-4B98-AB1F-67CDA767FEE9}.Debug|x86.Build.0 = Debug|Any CPU
		{56A57B57-104D-4B98-AB1F-67CDA767FEE9}.Release|Any CPU.ActiveCfg = Release|Any CPU
		{56A57B57-104D-4B98-AB1F-67CDA767FEE9}.Release|Any CPU.Build.0 = Release|Any CPU
		{56A57B57-104D-4B98-AB1F-67CDA767FEE9}.Release|ARM.ActiveCfg = Release|Any CPU
		{56A57B57-104D-4B98-AB1F-67CDA767FEE9}.Release|ARM.Build.0 = Release|Any CPU
		{56A57B57-104D-4B98-AB1F-67CDA767FEE9}.Release|iPhone.ActiveCfg = Release|Any CPU
		{56A57B57-104D-4B98-AB1F-67CDA767FEE9}.Release|iPhone.Build.0 = Release|Any CPU
		{56A57B57-104D-4B98-AB1F-67CDA767FEE9}.Release|iPhoneSimulator.ActiveCfg = Release|Any CPU
		{56A57B57-104D-4B98-AB1F-67CDA767FEE9}.Release|iPhoneSimulator.Build.0 = Release|Any CPU
		{56A57B57-104D-4B98-AB1F-67CDA767FEE9}.Release|x86.ActiveCfg = Release|Any CPU
		{56A57B57-104D-4B98-AB1F-67CDA767FEE9}.Release|x86.Build.0 = Release|Any CPU
		{D81A60FB-26C0-473E-8B62-AAE96EC52FE2}.Debug|Any CPU.ActiveCfg = Debug|Any CPU
		{D81A60FB-26C0-473E-8B62-AAE96EC52FE2}.Debug|Any CPU.Build.0 = Debug|Any CPU
		{D81A60FB-26C0-473E-8B62-AAE96EC52FE2}.Debug|ARM.ActiveCfg = Debug|Any CPU
		{D81A60FB-26C0-473E-8B62-AAE96EC52FE2}.Debug|ARM.Build.0 = Debug|Any CPU
		{D81A60FB-26C0-473E-8B62-AAE96EC52FE2}.Debug|iPhone.ActiveCfg = Debug|Any CPU
		{D81A60FB-26C0-473E-8B62-AAE96EC52FE2}.Debug|iPhone.Build.0 = Debug|Any CPU
		{D81A60FB-26C0-473E-8B62-AAE96EC52FE2}.Debug|iPhoneSimulator.ActiveCfg = Debug|Any CPU
		{D81A60FB-26C0-473E-8B62-AAE96EC52FE2}.Debug|iPhoneSimulator.Build.0 = Debug|Any CPU
		{D81A60FB-26C0-473E-8B62-AAE96EC52FE2}.Debug|x86.ActiveCfg = Debug|Any CPU
		{D81A60FB-26C0-473E-8B62-AAE96EC52FE2}.Debug|x86.Build.0 = Debug|Any CPU
		{D81A60FB-26C0-473E-8B62-AAE96EC52FE2}.Release|Any CPU.ActiveCfg = Release|Any CPU
		{D81A60FB-26C0-473E-8B62-AAE96EC52FE2}.Release|Any CPU.Build.0 = Release|Any CPU
		{D81A60FB-26C0-473E-8B62-AAE96EC52FE2}.Release|ARM.ActiveCfg = Release|Any CPU
		{D81A60FB-26C0-473E-8B62-AAE96EC52FE2}.Release|ARM.Build.0 = Release|Any CPU
		{D81A60FB-26C0-473E-8B62-AAE96EC52FE2}.Release|iPhone.ActiveCfg = Release|Any CPU
		{D81A60FB-26C0-473E-8B62-AAE96EC52FE2}.Release|iPhone.Build.0 = Release|Any CPU
		{D81A60FB-26C0-473E-8B62-AAE96EC52FE2}.Release|iPhoneSimulator.ActiveCfg = Release|Any CPU
		{D81A60FB-26C0-473E-8B62-AAE96EC52FE2}.Release|iPhoneSimulator.Build.0 = Release|Any CPU
		{D81A60FB-26C0-473E-8B62-AAE96EC52FE2}.Release|x86.ActiveCfg = Release|Any CPU
		{D81A60FB-26C0-473E-8B62-AAE96EC52FE2}.Release|x86.Build.0 = Release|Any CPU
		{C5DFBF95-07B1-453F-BDC2-1025E34FFE66}.Debug|Any CPU.ActiveCfg = Debug|Any CPU
		{C5DFBF95-07B1-453F-BDC2-1025E34FFE66}.Debug|Any CPU.Build.0 = Debug|Any CPU
		{C5DFBF95-07B1-453F-BDC2-1025E34FFE66}.Debug|ARM.ActiveCfg = Debug|Any CPU
		{C5DFBF95-07B1-453F-BDC2-1025E34FFE66}.Debug|ARM.Build.0 = Debug|Any CPU
		{C5DFBF95-07B1-453F-BDC2-1025E34FFE66}.Debug|iPhone.ActiveCfg = Debug|Any CPU
		{C5DFBF95-07B1-453F-BDC2-1025E34FFE66}.Debug|iPhone.Build.0 = Debug|Any CPU
		{C5DFBF95-07B1-453F-BDC2-1025E34FFE66}.Debug|iPhoneSimulator.ActiveCfg = Debug|Any CPU
		{C5DFBF95-07B1-453F-BDC2-1025E34FFE66}.Debug|iPhoneSimulator.Build.0 = Debug|Any CPU
		{C5DFBF95-07B1-453F-BDC2-1025E34FFE66}.Debug|x86.ActiveCfg = Debug|Any CPU
		{C5DFBF95-07B1-453F-BDC2-1025E34FFE66}.Debug|x86.Build.0 = Debug|Any CPU
		{C5DFBF95-07B1-453F-BDC2-1025E34FFE66}.Release|Any CPU.ActiveCfg = Release|Any CPU
		{C5DFBF95-07B1-453F-BDC2-1025E34FFE66}.Release|Any CPU.Build.0 = Release|Any CPU
		{C5DFBF95-07B1-453F-BDC2-1025E34FFE66}.Release|ARM.ActiveCfg = Release|Any CPU
		{C5DFBF95-07B1-453F-BDC2-1025E34FFE66}.Release|ARM.Build.0 = Release|Any CPU
		{C5DFBF95-07B1-453F-BDC2-1025E34FFE66}.Release|iPhone.ActiveCfg = Release|Any CPU
		{C5DFBF95-07B1-453F-BDC2-1025E34FFE66}.Release|iPhone.Build.0 = Release|Any CPU
		{C5DFBF95-07B1-453F-BDC2-1025E34FFE66}.Release|iPhoneSimulator.ActiveCfg = Release|Any CPU
		{C5DFBF95-07B1-453F-BDC2-1025E34FFE66}.Release|iPhoneSimulator.Build.0 = Release|Any CPU
		{C5DFBF95-07B1-453F-BDC2-1025E34FFE66}.Release|x86.ActiveCfg = Release|Any CPU
		{C5DFBF95-07B1-453F-BDC2-1025E34FFE66}.Release|x86.Build.0 = Release|Any CPU
		{A30FA7A0-E80C-4873-A630-1FA8750ADD73}.Debug|Any CPU.ActiveCfg = Debug|Any CPU
		{A30FA7A0-E80C-4873-A630-1FA8750ADD73}.Debug|Any CPU.Build.0 = Debug|Any CPU
		{A30FA7A0-E80C-4873-A630-1FA8750ADD73}.Debug|ARM.ActiveCfg = Debug|Any CPU
		{A30FA7A0-E80C-4873-A630-1FA8750ADD73}.Debug|ARM.Build.0 = Debug|Any CPU
		{A30FA7A0-E80C-4873-A630-1FA8750ADD73}.Debug|iPhone.ActiveCfg = Debug|Any CPU
		{A30FA7A0-E80C-4873-A630-1FA8750ADD73}.Debug|iPhone.Build.0 = Debug|Any CPU
		{A30FA7A0-E80C-4873-A630-1FA8750ADD73}.Debug|iPhoneSimulator.ActiveCfg = Debug|Any CPU
		{A30FA7A0-E80C-4873-A630-1FA8750ADD73}.Debug|iPhoneSimulator.Build.0 = Debug|Any CPU
		{A30FA7A0-E80C-4873-A630-1FA8750ADD73}.Debug|x86.ActiveCfg = Debug|Any CPU
		{A30FA7A0-E80C-4873-A630-1FA8750ADD73}.Debug|x86.Build.0 = Debug|Any CPU
		{A30FA7A0-E80C-4873-A630-1FA8750ADD73}.Release|Any CPU.ActiveCfg = Release|Any CPU
		{A30FA7A0-E80C-4873-A630-1FA8750ADD73}.Release|Any CPU.Build.0 = Release|Any CPU
		{A30FA7A0-E80C-4873-A630-1FA8750ADD73}.Release|ARM.ActiveCfg = Release|Any CPU
		{A30FA7A0-E80C-4873-A630-1FA8750ADD73}.Release|ARM.Build.0 = Release|Any CPU
		{A30FA7A0-E80C-4873-A630-1FA8750ADD73}.Release|iPhone.ActiveCfg = Release|Any CPU
		{A30FA7A0-E80C-4873-A630-1FA8750ADD73}.Release|iPhone.Build.0 = Release|Any CPU
		{A30FA7A0-E80C-4873-A630-1FA8750ADD73}.Release|iPhoneSimulator.ActiveCfg = Release|Any CPU
		{A30FA7A0-E80C-4873-A630-1FA8750ADD73}.Release|iPhoneSimulator.Build.0 = Release|Any CPU
		{A30FA7A0-E80C-4873-A630-1FA8750ADD73}.Release|x86.ActiveCfg = Release|Any CPU
		{A30FA7A0-E80C-4873-A630-1FA8750ADD73}.Release|x86.Build.0 = Release|Any CPU
		{5978BB84-D4BF-479F-922E-D87C0B9080F6}.Debug|Any CPU.ActiveCfg = Debug|Any CPU
		{5978BB84-D4BF-479F-922E-D87C0B9080F6}.Debug|Any CPU.Build.0 = Debug|Any CPU
		{5978BB84-D4BF-479F-922E-D87C0B9080F6}.Debug|Any CPU.Deploy.0 = Debug|Any CPU
		{5978BB84-D4BF-479F-922E-D87C0B9080F6}.Debug|ARM.ActiveCfg = Debug|Any CPU
		{5978BB84-D4BF-479F-922E-D87C0B9080F6}.Debug|ARM.Build.0 = Debug|Any CPU
		{5978BB84-D4BF-479F-922E-D87C0B9080F6}.Debug|ARM.Deploy.0 = Debug|Any CPU
		{5978BB84-D4BF-479F-922E-D87C0B9080F6}.Debug|iPhone.ActiveCfg = Debug|Any CPU
		{5978BB84-D4BF-479F-922E-D87C0B9080F6}.Debug|iPhone.Build.0 = Debug|Any CPU
		{5978BB84-D4BF-479F-922E-D87C0B9080F6}.Debug|iPhone.Deploy.0 = Debug|Any CPU
		{5978BB84-D4BF-479F-922E-D87C0B9080F6}.Debug|iPhoneSimulator.ActiveCfg = Debug|Any CPU
		{5978BB84-D4BF-479F-922E-D87C0B9080F6}.Debug|iPhoneSimulator.Build.0 = Debug|Any CPU
		{5978BB84-D4BF-479F-922E-D87C0B9080F6}.Debug|iPhoneSimulator.Deploy.0 = Debug|Any CPU
		{5978BB84-D4BF-479F-922E-D87C0B9080F6}.Debug|x86.ActiveCfg = Debug|Any CPU
		{5978BB84-D4BF-479F-922E-D87C0B9080F6}.Debug|x86.Build.0 = Debug|Any CPU
		{5978BB84-D4BF-479F-922E-D87C0B9080F6}.Debug|x86.Deploy.0 = Debug|Any CPU
		{5978BB84-D4BF-479F-922E-D87C0B9080F6}.Release|Any CPU.ActiveCfg = Release|Any CPU
		{5978BB84-D4BF-479F-922E-D87C0B9080F6}.Release|Any CPU.Build.0 = Release|Any CPU
		{5978BB84-D4BF-479F-922E-D87C0B9080F6}.Release|Any CPU.Deploy.0 = Release|Any CPU
		{5978BB84-D4BF-479F-922E-D87C0B9080F6}.Release|ARM.ActiveCfg = Release|Any CPU
		{5978BB84-D4BF-479F-922E-D87C0B9080F6}.Release|ARM.Build.0 = Release|Any CPU
		{5978BB84-D4BF-479F-922E-D87C0B9080F6}.Release|ARM.Deploy.0 = Release|Any CPU
		{5978BB84-D4BF-479F-922E-D87C0B9080F6}.Release|iPhone.ActiveCfg = Release|Any CPU
		{5978BB84-D4BF-479F-922E-D87C0B9080F6}.Release|iPhone.Build.0 = Release|Any CPU
		{5978BB84-D4BF-479F-922E-D87C0B9080F6}.Release|iPhone.Deploy.0 = Release|Any CPU
		{5978BB84-D4BF-479F-922E-D87C0B9080F6}.Release|iPhoneSimulator.ActiveCfg = Release|Any CPU
		{5978BB84-D4BF-479F-922E-D87C0B9080F6}.Release|iPhoneSimulator.Build.0 = Release|Any CPU
		{5978BB84-D4BF-479F-922E-D87C0B9080F6}.Release|iPhoneSimulator.Deploy.0 = Release|Any CPU
		{5978BB84-D4BF-479F-922E-D87C0B9080F6}.Release|x86.ActiveCfg = Release|Any CPU
		{5978BB84-D4BF-479F-922E-D87C0B9080F6}.Release|x86.Build.0 = Release|Any CPU
		{5978BB84-D4BF-479F-922E-D87C0B9080F6}.Release|x86.Deploy.0 = Release|Any CPU
		{405A11BB-D3C4-4F15-801E-A053DE678058}.Debug|Any CPU.ActiveCfg = Debug|iPhone
		{405A11BB-D3C4-4F15-801E-A053DE678058}.Debug|ARM.ActiveCfg = Debug|iPhone
		{405A11BB-D3C4-4F15-801E-A053DE678058}.Debug|iPhone.ActiveCfg = Debug|iPhone
		{405A11BB-D3C4-4F15-801E-A053DE678058}.Debug|iPhone.Build.0 = Debug|iPhone
		{405A11BB-D3C4-4F15-801E-A053DE678058}.Debug|iPhoneSimulator.ActiveCfg = Debug|iPhoneSimulator
		{405A11BB-D3C4-4F15-801E-A053DE678058}.Debug|iPhoneSimulator.Build.0 = Debug|iPhoneSimulator
		{405A11BB-D3C4-4F15-801E-A053DE678058}.Debug|x86.ActiveCfg = Debug|iPhone
		{405A11BB-D3C4-4F15-801E-A053DE678058}.Release|Any CPU.ActiveCfg = Release|iPhone
		{405A11BB-D3C4-4F15-801E-A053DE678058}.Release|ARM.ActiveCfg = Release|iPhone
		{405A11BB-D3C4-4F15-801E-A053DE678058}.Release|iPhone.ActiveCfg = Release|iPhone
		{405A11BB-D3C4-4F15-801E-A053DE678058}.Release|iPhone.Build.0 = Release|iPhone
		{405A11BB-D3C4-4F15-801E-A053DE678058}.Release|iPhoneSimulator.ActiveCfg = Release|iPhoneSimulator
		{405A11BB-D3C4-4F15-801E-A053DE678058}.Release|iPhoneSimulator.Build.0 = Release|iPhoneSimulator
		{405A11BB-D3C4-4F15-801E-A053DE678058}.Release|x86.ActiveCfg = Release|iPhone
		{CB44303B-90EB-49CB-A712-BC0261A38E85}.Debug|Any CPU.ActiveCfg = Debug|Any CPU
		{CB44303B-90EB-49CB-A712-BC0261A38E85}.Debug|Any CPU.Build.0 = Debug|Any CPU
		{CB44303B-90EB-49CB-A712-BC0261A38E85}.Debug|Any CPU.Deploy.0 = Debug|Any CPU
		{CB44303B-90EB-49CB-A712-BC0261A38E85}.Debug|ARM.ActiveCfg = Debug|ARM
		{CB44303B-90EB-49CB-A712-BC0261A38E85}.Debug|ARM.Build.0 = Debug|ARM
		{CB44303B-90EB-49CB-A712-BC0261A38E85}.Debug|ARM.Deploy.0 = Debug|ARM
		{CB44303B-90EB-49CB-A712-BC0261A38E85}.Debug|iPhone.ActiveCfg = Debug|Any CPU
		{CB44303B-90EB-49CB-A712-BC0261A38E85}.Debug|iPhone.Build.0 = Debug|Any CPU
		{CB44303B-90EB-49CB-A712-BC0261A38E85}.Debug|iPhone.Deploy.0 = Debug|Any CPU
		{CB44303B-90EB-49CB-A712-BC0261A38E85}.Debug|iPhoneSimulator.ActiveCfg = Debug|Any CPU
		{CB44303B-90EB-49CB-A712-BC0261A38E85}.Debug|iPhoneSimulator.Build.0 = Debug|Any CPU
		{CB44303B-90EB-49CB-A712-BC0261A38E85}.Debug|iPhoneSimulator.Deploy.0 = Debug|Any CPU
		{CB44303B-90EB-49CB-A712-BC0261A38E85}.Debug|x86.ActiveCfg = Debug|x86
		{CB44303B-90EB-49CB-A712-BC0261A38E85}.Debug|x86.Build.0 = Debug|x86
		{CB44303B-90EB-49CB-A712-BC0261A38E85}.Debug|x86.Deploy.0 = Debug|x86
		{CB44303B-90EB-49CB-A712-BC0261A38E85}.Release|Any CPU.ActiveCfg = Release|Any CPU
		{CB44303B-90EB-49CB-A712-BC0261A38E85}.Release|Any CPU.Build.0 = Release|Any CPU
		{CB44303B-90EB-49CB-A712-BC0261A38E85}.Release|Any CPU.Deploy.0 = Release|Any CPU
		{CB44303B-90EB-49CB-A712-BC0261A38E85}.Release|ARM.ActiveCfg = Release|ARM
		{CB44303B-90EB-49CB-A712-BC0261A38E85}.Release|ARM.Build.0 = Release|ARM
		{CB44303B-90EB-49CB-A712-BC0261A38E85}.Release|ARM.Deploy.0 = Release|ARM
		{CB44303B-90EB-49CB-A712-BC0261A38E85}.Release|iPhone.ActiveCfg = Release|Any CPU
		{CB44303B-90EB-49CB-A712-BC0261A38E85}.Release|iPhone.Build.0 = Release|Any CPU
		{CB44303B-90EB-49CB-A712-BC0261A38E85}.Release|iPhone.Deploy.0 = Release|Any CPU
		{CB44303B-90EB-49CB-A712-BC0261A38E85}.Release|iPhoneSimulator.ActiveCfg = Release|Any CPU
		{CB44303B-90EB-49CB-A712-BC0261A38E85}.Release|iPhoneSimulator.Build.0 = Release|Any CPU
		{CB44303B-90EB-49CB-A712-BC0261A38E85}.Release|iPhoneSimulator.Deploy.0 = Release|Any CPU
		{CB44303B-90EB-49CB-A712-BC0261A38E85}.Release|x86.ActiveCfg = Release|x86
		{CB44303B-90EB-49CB-A712-BC0261A38E85}.Release|x86.Build.0 = Release|x86
		{CB44303B-90EB-49CB-A712-BC0261A38E85}.Release|x86.Deploy.0 = Release|x86
		{0B3ED30F-A62B-4CF0-A8C1-6BE374C0CACC}.Debug|Any CPU.ActiveCfg = Debug|Any CPU
		{0B3ED30F-A62B-4CF0-A8C1-6BE374C0CACC}.Debug|Any CPU.Build.0 = Debug|Any CPU
		{0B3ED30F-A62B-4CF0-A8C1-6BE374C0CACC}.Debug|ARM.ActiveCfg = Debug|Any CPU
		{0B3ED30F-A62B-4CF0-A8C1-6BE374C0CACC}.Debug|ARM.Build.0 = Debug|Any CPU
		{0B3ED30F-A62B-4CF0-A8C1-6BE374C0CACC}.Debug|iPhone.ActiveCfg = Debug|Any CPU
		{0B3ED30F-A62B-4CF0-A8C1-6BE374C0CACC}.Debug|iPhone.Build.0 = Debug|Any CPU
		{0B3ED30F-A62B-4CF0-A8C1-6BE374C0CACC}.Debug|iPhoneSimulator.ActiveCfg = Debug|Any CPU
		{0B3ED30F-A62B-4CF0-A8C1-6BE374C0CACC}.Debug|iPhoneSimulator.Build.0 = Debug|Any CPU
		{0B3ED30F-A62B-4CF0-A8C1-6BE374C0CACC}.Debug|x86.ActiveCfg = Debug|Any CPU
		{0B3ED30F-A62B-4CF0-A8C1-6BE374C0CACC}.Debug|x86.Build.0 = Debug|Any CPU
		{0B3ED30F-A62B-4CF0-A8C1-6BE374C0CACC}.Release|Any CPU.ActiveCfg = Release|Any CPU
		{0B3ED30F-A62B-4CF0-A8C1-6BE374C0CACC}.Release|Any CPU.Build.0 = Release|Any CPU
		{0B3ED30F-A62B-4CF0-A8C1-6BE374C0CACC}.Release|ARM.ActiveCfg = Release|Any CPU
		{0B3ED30F-A62B-4CF0-A8C1-6BE374C0CACC}.Release|ARM.Build.0 = Release|Any CPU
		{0B3ED30F-A62B-4CF0-A8C1-6BE374C0CACC}.Release|iPhone.ActiveCfg = Release|Any CPU
		{0B3ED30F-A62B-4CF0-A8C1-6BE374C0CACC}.Release|iPhone.Build.0 = Release|Any CPU
		{0B3ED30F-A62B-4CF0-A8C1-6BE374C0CACC}.Release|iPhoneSimulator.ActiveCfg = Release|Any CPU
		{0B3ED30F-A62B-4CF0-A8C1-6BE374C0CACC}.Release|iPhoneSimulator.Build.0 = Release|Any CPU
		{0B3ED30F-A62B-4CF0-A8C1-6BE374C0CACC}.Release|x86.ActiveCfg = Release|Any CPU
		{0B3ED30F-A62B-4CF0-A8C1-6BE374C0CACC}.Release|x86.Build.0 = Release|Any CPU
		{428CC7A0-E8F4-4AE8-9B8C-E981C1A862DB}.Debug|Any CPU.ActiveCfg = Debug|Any CPU
		{428CC7A0-E8F4-4AE8-9B8C-E981C1A862DB}.Debug|Any CPU.Build.0 = Debug|Any CPU
		{428CC7A0-E8F4-4AE8-9B8C-E981C1A862DB}.Debug|ARM.ActiveCfg = Debug|Any CPU
		{428CC7A0-E8F4-4AE8-9B8C-E981C1A862DB}.Debug|ARM.Build.0 = Debug|Any CPU
		{428CC7A0-E8F4-4AE8-9B8C-E981C1A862DB}.Debug|iPhone.ActiveCfg = Debug|Any CPU
		{428CC7A0-E8F4-4AE8-9B8C-E981C1A862DB}.Debug|iPhone.Build.0 = Debug|Any CPU
		{428CC7A0-E8F4-4AE8-9B8C-E981C1A862DB}.Debug|iPhoneSimulator.ActiveCfg = Debug|Any CPU
		{428CC7A0-E8F4-4AE8-9B8C-E981C1A862DB}.Debug|iPhoneSimulator.Build.0 = Debug|Any CPU
		{428CC7A0-E8F4-4AE8-9B8C-E981C1A862DB}.Debug|x86.ActiveCfg = Debug|Any CPU
		{428CC7A0-E8F4-4AE8-9B8C-E981C1A862DB}.Debug|x86.Build.0 = Debug|Any CPU
		{428CC7A0-E8F4-4AE8-9B8C-E981C1A862DB}.Release|Any CPU.ActiveCfg = Release|Any CPU
		{428CC7A0-E8F4-4AE8-9B8C-E981C1A862DB}.Release|Any CPU.Build.0 = Release|Any CPU
		{428CC7A0-E8F4-4AE8-9B8C-E981C1A862DB}.Release|ARM.ActiveCfg = Release|Any CPU
		{428CC7A0-E8F4-4AE8-9B8C-E981C1A862DB}.Release|ARM.Build.0 = Release|Any CPU
		{428CC7A0-E8F4-4AE8-9B8C-E981C1A862DB}.Release|iPhone.ActiveCfg = Release|Any CPU
		{428CC7A0-E8F4-4AE8-9B8C-E981C1A862DB}.Release|iPhone.Build.0 = Release|Any CPU
		{428CC7A0-E8F4-4AE8-9B8C-E981C1A862DB}.Release|iPhoneSimulator.ActiveCfg = Release|Any CPU
		{428CC7A0-E8F4-4AE8-9B8C-E981C1A862DB}.Release|iPhoneSimulator.Build.0 = Release|Any CPU
		{428CC7A0-E8F4-4AE8-9B8C-E981C1A862DB}.Release|x86.ActiveCfg = Release|Any CPU
		{428CC7A0-E8F4-4AE8-9B8C-E981C1A862DB}.Release|x86.Build.0 = Release|Any CPU
		{C794312E-D7D1-44EC-92DA-D21E0817FE54}.Debug|Any CPU.ActiveCfg = Debug|Any CPU
		{C794312E-D7D1-44EC-92DA-D21E0817FE54}.Debug|Any CPU.Build.0 = Debug|Any CPU
		{C794312E-D7D1-44EC-92DA-D21E0817FE54}.Debug|ARM.ActiveCfg = Debug|Any CPU
		{C794312E-D7D1-44EC-92DA-D21E0817FE54}.Debug|ARM.Build.0 = Debug|Any CPU
		{C794312E-D7D1-44EC-92DA-D21E0817FE54}.Debug|iPhone.ActiveCfg = Debug|Any CPU
		{C794312E-D7D1-44EC-92DA-D21E0817FE54}.Debug|iPhone.Build.0 = Debug|Any CPU
		{C794312E-D7D1-44EC-92DA-D21E0817FE54}.Debug|iPhoneSimulator.ActiveCfg = Debug|Any CPU
		{C794312E-D7D1-44EC-92DA-D21E0817FE54}.Debug|iPhoneSimulator.Build.0 = Debug|Any CPU
		{C794312E-D7D1-44EC-92DA-D21E0817FE54}.Debug|x86.ActiveCfg = Debug|Any CPU
		{C794312E-D7D1-44EC-92DA-D21E0817FE54}.Debug|x86.Build.0 = Debug|Any CPU
		{C794312E-D7D1-44EC-92DA-D21E0817FE54}.Release|Any CPU.ActiveCfg = Release|Any CPU
		{C794312E-D7D1-44EC-92DA-D21E0817FE54}.Release|Any CPU.Build.0 = Release|Any CPU
		{C794312E-D7D1-44EC-92DA-D21E0817FE54}.Release|ARM.ActiveCfg = Release|Any CPU
		{C794312E-D7D1-44EC-92DA-D21E0817FE54}.Release|ARM.Build.0 = Release|Any CPU
		{C794312E-D7D1-44EC-92DA-D21E0817FE54}.Release|iPhone.ActiveCfg = Release|Any CPU
		{C794312E-D7D1-44EC-92DA-D21E0817FE54}.Release|iPhone.Build.0 = Release|Any CPU
		{C794312E-D7D1-44EC-92DA-D21E0817FE54}.Release|iPhoneSimulator.ActiveCfg = Release|Any CPU
		{C794312E-D7D1-44EC-92DA-D21E0817FE54}.Release|iPhoneSimulator.Build.0 = Release|Any CPU
		{C794312E-D7D1-44EC-92DA-D21E0817FE54}.Release|x86.ActiveCfg = Release|Any CPU
		{C794312E-D7D1-44EC-92DA-D21E0817FE54}.Release|x86.Build.0 = Release|Any CPU
		{8333A8C6-0C4E-42D9-B9D2-E0467A99F301}.Debug|Any CPU.ActiveCfg = Debug|Any CPU
		{8333A8C6-0C4E-42D9-B9D2-E0467A99F301}.Debug|Any CPU.Build.0 = Debug|Any CPU
		{8333A8C6-0C4E-42D9-B9D2-E0467A99F301}.Debug|ARM.ActiveCfg = Debug|Any CPU
		{8333A8C6-0C4E-42D9-B9D2-E0467A99F301}.Debug|ARM.Build.0 = Debug|Any CPU
		{8333A8C6-0C4E-42D9-B9D2-E0467A99F301}.Debug|iPhone.ActiveCfg = Debug|Any CPU
		{8333A8C6-0C4E-42D9-B9D2-E0467A99F301}.Debug|iPhone.Build.0 = Debug|Any CPU
		{8333A8C6-0C4E-42D9-B9D2-E0467A99F301}.Debug|iPhoneSimulator.ActiveCfg = Debug|Any CPU
		{8333A8C6-0C4E-42D9-B9D2-E0467A99F301}.Debug|iPhoneSimulator.Build.0 = Debug|Any CPU
		{8333A8C6-0C4E-42D9-B9D2-E0467A99F301}.Debug|x86.ActiveCfg = Debug|Any CPU
		{8333A8C6-0C4E-42D9-B9D2-E0467A99F301}.Debug|x86.Build.0 = Debug|Any CPU
		{8333A8C6-0C4E-42D9-B9D2-E0467A99F301}.Release|Any CPU.ActiveCfg = Release|Any CPU
		{8333A8C6-0C4E-42D9-B9D2-E0467A99F301}.Release|Any CPU.Build.0 = Release|Any CPU
		{8333A8C6-0C4E-42D9-B9D2-E0467A99F301}.Release|ARM.ActiveCfg = Release|Any CPU
		{8333A8C6-0C4E-42D9-B9D2-E0467A99F301}.Release|ARM.Build.0 = Release|Any CPU
		{8333A8C6-0C4E-42D9-B9D2-E0467A99F301}.Release|iPhone.ActiveCfg = Release|Any CPU
		{8333A8C6-0C4E-42D9-B9D2-E0467A99F301}.Release|iPhone.Build.0 = Release|Any CPU
		{8333A8C6-0C4E-42D9-B9D2-E0467A99F301}.Release|iPhoneSimulator.ActiveCfg = Release|Any CPU
		{8333A8C6-0C4E-42D9-B9D2-E0467A99F301}.Release|iPhoneSimulator.Build.0 = Release|Any CPU
		{8333A8C6-0C4E-42D9-B9D2-E0467A99F301}.Release|x86.ActiveCfg = Release|Any CPU
		{8333A8C6-0C4E-42D9-B9D2-E0467A99F301}.Release|x86.Build.0 = Release|Any CPU
	EndGlobalSection
	GlobalSection(SolutionProperties) = preSolution
		HideSolutionNode = FALSE
	EndGlobalSection
	GlobalSection(NestedProjects) = preSolution
		{1FBD86BA-DFA7-44EF-94FD-03218BAF8EAD} = {4F62899C-1014-45C3-93B5-754D5627C99B}
		{56A57B57-104D-4B98-AB1F-67CDA767FEE9} = {4F62899C-1014-45C3-93B5-754D5627C99B}
		{D81A60FB-26C0-473E-8B62-AAE96EC52FE2} = {4F62899C-1014-45C3-93B5-754D5627C99B}
		{C5DFBF95-07B1-453F-BDC2-1025E34FFE66} = {35334167-EB65-4FB7-AFAF-2FBAA240A9E8}
		{A30FA7A0-E80C-4873-A630-1FA8750ADD73} = {35334167-EB65-4FB7-AFAF-2FBAA240A9E8}
		{5978BB84-D4BF-479F-922E-D87C0B9080F6} = {C3A025F8-7CB6-4B41-B9A5-3A303CFCC340}
		{405A11BB-D3C4-4F15-801E-A053DE678058} = {C3A025F8-7CB6-4B41-B9A5-3A303CFCC340}
		{CB44303B-90EB-49CB-A712-BC0261A38E85} = {C3A025F8-7CB6-4B41-B9A5-3A303CFCC340}
		{0B3ED30F-A62B-4CF0-A8C1-6BE374C0CACC} = {C3A025F8-7CB6-4B41-B9A5-3A303CFCC340}
		{428CC7A0-E8F4-4AE8-9B8C-E981C1A862DB} = {2A821BFB-4D2E-4C6A-A6EE-6F4D1F55E5F3}
		{C794312E-D7D1-44EC-92DA-D21E0817FE54} = {0336DEB9-1667-4AF9-ABA6-F508E2D7A33D}
		{8333A8C6-0C4E-42D9-B9D2-E0467A99F301} = {4C9F3BB7-3906-4E71-B832-BC04749CF704}
	EndGlobalSection
EndGlobal
